
Microsoft Visual Studio Solution File, Format Version 12.00
# Visual Studio Version 17
VisualStudioVersion = 17.9.34622.214
MinimumVisualStudioVersion = 10.0.40219.1
Project("{FAE04EC0-301F-11D3-BF4B-00C04F79EFBC}") = "MovieWeb", "MovieWeb\MovieWeb.csproj", "{87066B78-B37B-4136-BF07-89A0319B7041}"
EndProject
Global
	GlobalSection(SolutionConfigurationPlatforms) = preSolution
		Debug|Any CPU = Debug|Any CPU
		Release|Any CPU = Release|Any CPU
	EndGlobalSection
	GlobalSection(ProjectConfigurationPlatforms) = postSolution
		{87066B78-B37B-4136-BF07-89A0319B7041}.Debug|Any CPU.ActiveCfg = Debug|Any CPU
		{87066B78-B37B-4136-BF07-89A0319B7041}.Debug|Any CPU.Build.0 = Debug|Any CPU
		{87066B78-B37B-4136-BF07-89A0319B7041}.Release|Any CPU.ActiveCfg = Release|Any CPU
		{87066B78-B37B-4136-BF07-89A0319B7041}.Release|Any CPU.Build.0 = Release|Any CPU
	EndGlobalSection
	GlobalSection(SolutionProperties) = preSolution
		HideSolutionNode = FALSE
	EndGlobalSection
	GlobalSection(ExtensibilityGlobals) = postSolution
		SolutionGuid = {EAD365A4-1988-4009-907B-8F78FED3F648}
	EndGlobalSection
EndGlobal
